// !$*UTF8*$!
{
	archiveVersion = 1;
	classes = {
	};
	objectVersion = 50;
	objects = {

/* Begin PBXBuildFile section */
		82A23331218885D50008124F /* AppDelegate.m in Sources */ = {isa = PBXBuildFile; fileRef = 82A23330218885D50008124F /* AppDelegate.m */; };
		82A23334218885D50008124F /* ViewController.m in Sources */ = {isa = PBXBuildFile; fileRef = 82A23333218885D50008124F /* ViewController.m */; };
		82A23337218885D50008124F /* Main.storyboard in Resources */ = {isa = PBXBuildFile; fileRef = 82A23335218885D50008124F /* Main.storyboard */; };
		82A23339218885D60008124F /* Assets.xcassets in Resources */ = {isa = PBXBuildFile; fileRef = 82A23338218885D60008124F /* Assets.xcassets */; };
		82A2333C218885D60008124F /* LaunchScreen.storyboard in Resources */ = {isa = PBXBuildFile; fileRef = 82A2333A218885D60008124F /* LaunchScreen.storyboard */; };
		82A2333F218885D60008124F /* main.m in Sources */ = {isa = PBXBuildFile; fileRef = 82A2333E218885D60008124F /* main.m */; };
		82A23347218886380008124F /* Beverage.m in Sources */ = {isa = PBXBuildFile; fileRef = 82A23346218886380008124F /* Beverage.m */; };
		82A2334A218887210008124F /* Espresso.m in Sources */ = {isa = PBXBuildFile; fileRef = 82A23349218887210008124F /* Espresso.m */; };
		82A2D4ED218EDE5300173206 /* DarkRoast.m in Sources */ = {isa = PBXBuildFile; fileRef = 82A2D4EC218EDE5300173206 /* DarkRoast.m */; };
		82A2D4F1218EE07100173206 /* CondimentDecorator.m in Sources */ = {isa = PBXBuildFile; fileRef = 82A2D4F0218EE07100173206 /* CondimentDecorator.m */; };
		82A2D4F4218EE0B300173206 /* Milk.m in Sources */ = {isa = PBXBuildFile; fileRef = 82A2D4F3218EE0B300173206 /* Milk.m */; };
		82A2D4F7218EE0CB00173206 /* Mocha.m in Sources */ = {isa = PBXBuildFile; fileRef = 82A2D4F6218EE0CB00173206 /* Mocha.m */; };
/* End PBXBuildFile section */

/* Begin PBXFileReference section */
		82A2332C218885D50008124F /* Decorator.app */ = {isa = PBXFileReference; explicitFileType = wrapper.application; includeInIndex = 0; path = Decorator.app; sourceTree = BUILT_PRODUCTS_DIR; };
		82A2332F218885D50008124F /* AppDelegate.h */ = {isa = PBXFileReference; lastKnownFileType = sourcecode.c.h; path = AppDelegate.h; sourceTree = "<group>"; };
		82A23330218885D50008124F /* AppDelegate.m */ = {isa = PBXFileReference; lastKnownFileType = sourcecode.c.objc; path = AppDelegate.m; sourceTree = "<group>"; };
		82A23332218885D50008124F /* ViewController.h */ = {isa = PBXFileReference; lastKnownFileType = sourcecode.c.h; path = ViewController.h; sourceTree = "<group>"; };
		82A23333218885D50008124F /* ViewController.m */ = {isa = PBXFileReference; lastKnownFileType = sourcecode.c.objc; path = ViewController.m; sourceTree = "<group>"; };
		82A23336218885D50008124F /* Base */ = {isa = PBXFileReference; lastKnownFileType = file.storyboard; name = Base; path = Base.lproj/Main.storyboard; sourceTree = "<group>"; };
		82A23338218885D60008124F /* Assets.xcassets */ = {isa = PBXFileReference; lastKnownFileType = folder.assetcatalog; path = Assets.xcassets; sourceTree = "<group>"; };
		82A2333B218885D60008124F /* Base */ = {isa = PBXFileReference; lastKnownFileType = file.storyboard; name = Base; path = Base.lproj/LaunchScreen.storyboard; sourceTree = "<group>"; };
		82A2333D218885D60008124F /* Info.plist */ = {isa = PBXFileReference; lastKnownFileType = text.plist.xml; path = Info.plist; sourceTree = "<group>"; };
		82A2333E218885D60008124F /* main.m */ = {isa = PBXFileReference; lastKnownFileType = sourcecode.c.objc; path = main.m; sourceTree = "<group>"; };
		82A23345218886380008124F /* Beverage.h */ = {isa = PBXFileReference; lastKnownFileType = sourcecode.c.h; path = Beverage.h; sourceTree = "<group>"; };
		82A23346218886380008124F /* Beverage.m */ = {isa = PBXFileReference; lastKnownFileType = sourcecode.c.objc; path = Beverage.m; sourceTree = "<group>"; };
		82A23348218887210008124F /* Espresso.h */ = {isa = PBXFileReference; lastKnownFileType = sourcecode.c.h; path = Espresso.h; sourceTree = "<group>"; };
		82A23349218887210008124F /* Espresso.m */ = {isa = PBXFileReference; lastKnownFileType = sourcecode.c.objc; path = Espresso.m; sourceTree = "<group>"; };
		82A2D4EB218EDE5300173206 /* DarkRoast.h */ = {isa = PBXFileReference; lastKnownFileType = sourcecode.c.h; path = DarkRoast.h; sourceTree = "<group>"; };
		82A2D4EC218EDE5300173206 /* DarkRoast.m */ = {isa = PBXFileReference; lastKnownFileType = sourcecode.c.objc; path = DarkRoast.m; sourceTree = "<group>"; };
		82A2D4EF218EE07100173206 /* CondimentDecorator.h */ = {isa = PBXFileReference; lastKnownFileType = sourcecode.c.h; path = CondimentDecorator.h; sourceTree = "<group>"; };
		82A2D4F0218EE07100173206 /* CondimentDecorator.m */ = {isa = PBXFileReference; lastKnownFileType = sourcecode.c.objc; path = CondimentDecorator.m; sourceTree = "<group>"; };
		82A2D4F2218EE0B300173206 /* Milk.h */ = {isa = PBXFileReference; lastKnownFileType = sourcecode.c.h; path = Milk.h; sourceTree = "<group>"; };
		82A2D4F3218EE0B300173206 /* Milk.m */ = {isa = PBXFileReference; lastKnownFileType = sourcecode.c.objc; path = Milk.m; sourceTree = "<group>"; };
		82A2D4F5218EE0CB00173206 /* Mocha.h */ = {isa = PBXFileReference; lastKnownFileType = sourcecode.c.h; path = Mocha.h; sourceTree = "<group>"; };
		82A2D4F6218EE0CB00173206 /* Mocha.m */ = {isa = PBXFileReference; lastKnownFileType = sourcecode.c.objc; path = Mocha.m; sourceTree = "<group>"; };
/* End PBXFileReference section */

/* Begin PBXFrameworksBuildPhase section */
		82A23329218885D50008124F /* Frameworks */ = {
			isa = PBXFrameworksBuildPhase;
			buildActionMask = 2147483647;
			files = (
			);
			runOnlyForDeploymentPostprocessing = 0;
		};
/* End PBXFrameworksBuildPhase section */

/* Begin PBXGroup section */
		82A23323218885D50008124F = {
			isa = PBXGroup;
			children = (
				82A2332E218885D50008124F /* Decorator */,
				82A2332D218885D50008124F /* Products */,
			);
			sourceTree = "<group>";
		};
		82A2332D218885D50008124F /* Products */ = {
			isa = PBXGroup;
			children = (
				82A2332C218885D50008124F /* Decorator.app */,
			);
			name = Products;
			sourceTree = "<group>";
		};
		82A2332E218885D50008124F /* Decorator */ = {
			isa = PBXGroup;
			children = (
				82A2D4EE218EE04A00173206 /* Condiment */,
				82A2334B2188872C0008124F /* Beverage */,
				82A2332F218885D50008124F /* AppDelegate.h */,
				82A23330218885D50008124F /* AppDelegate.m */,
				82A23332218885D50008124F /* ViewController.h */,
				82A23333218885D50008124F /* ViewController.m */,
				82A23335218885D50008124F /* Main.storyboard */,
				82A23338218885D60008124F /* Assets.xcassets */,
				82A2333A218885D60008124F /* LaunchScreen.storyboard */,
				82A2333D218885D60008124F /* Info.plist */,
				82A2333E218885D60008124F /* main.m */,
			);
			path = Decorator;
			sourceTree = "<group>";
		};
		82A2334B2188872C0008124F /* Beverage */ = {
			isa = PBXGroup;
			children = (
				82A23345218886380008124F /* Beverage.h */,
				82A23346218886380008124F /* Beverage.m */,
				82A23348218887210008124F /* Espresso.h */,
				82A23349218887210008124F /* Espresso.m */,
				82A2D4EB218EDE5300173206 /* DarkRoast.h */,
				82A2D4EC218EDE5300173206 /* DarkRoast.m */,
			);
			path = Beverage;
			sourceTree = "<group>";
		};
		82A2D4EE218EE04A00173206 /* Condiment */ = {
			isa = PBXGroup;
			children = (
				82A2D4EF218EE07100173206 /* CondimentDecorator.h */,
				82A2D4F0218EE07100173206 /* CondimentDecorator.m */,
				82A2D4F2218EE0B300173206 /* Milk.h */,
				82A2D4F3218EE0B300173206 /* Milk.m */,
				82A2D4F5218EE0CB00173206 /* Mocha.h */,
				82A2D4F6218EE0CB00173206 /* Mocha.m */,
			);
			path = Condiment;
			sourceTree = "<group>";
		};
/* End PBXGroup section */

/* Begin PBXNativeTarget section */
		82A2332B218885D50008124F /* Decorator */ = {
			isa = PBXNativeTarget;
			buildConfigurationList = 82A23342218885D60008124F /* Build configuration list for PBXNativeTarget "Decorator" */;
			buildPhases = (
				82A23328218885D50008124F /* Sources */,
				82A23329218885D50008124F /* Frameworks */,
				82A2332A218885D50008124F /* Resources */,
			);
			buildRules = (
			);
			dependencies = (
			);
			name = Decorator;
			productName = Decorator;
			productReference = 82A2332C218885D50008124F /* Decorator.app */;
			productType = "com.apple.product-type.application";
		};
/* End PBXNativeTarget section */

/* Begin PBXProject section */
		82A23324218885D50008124F /* Project object */ = {
			isa = PBXProject;
			attributes = {
				LastUpgradeCheck = 1000;
				ORGANIZATIONNAME = zengxiangyi;
				TargetAttributes = {
					82A2332B218885D50008124F = {
						CreatedOnToolsVersion = 10.0;
					};
				};
			};
			buildConfigurationList = 82A23327218885D50008124F /* Build configuration list for PBXProject "Decorator" */;
			compatibilityVersion = "Xcode 9.3";
			developmentRegion = en;
			hasScannedForEncodings = 0;
			knownRegions = (
				en,
				Base,
			);
			mainGroup = 82A23323218885D50008124F;
			productRefGroup = 82A2332D218885D50008124F /* Products */;
			projectDirPath = "";
			projectRoot = "";
			targets = (
				82A2332B218885D50008124F /* Decorator */,
			);
		};
/* End PBXProject section */

/* Begin PBXResourcesBuildPhase section */
		82A2332A218885D50008124F /* Resources */ = {
			isa = PBXResourcesBuildPhase;
			buildActionMask = 2147483647;
			files = (
				82A2333C218885D60008124F /* LaunchScreen.storyboard in Resources */,
				82A23339218885D60008124F /* Assets.xcassets in Resources */,
				82A23337218885D50008124F /* Main.storyboard in Resources */,
			);
			runOnlyForDeploymentPostprocessing = 0;
		};
/* End PBXResourcesBuildPhase section */

/* Begin PBXSourcesBuildPhase section */
		82A23328218885D50008124F /* Sources */ = {
			isa = PBXSourcesBuildPhase;
			buildActionMask = 2147483647;
			files = (
				82A23334218885D50008124F /* ViewController.m in Sources */,
				82A2333F218885D60008124F /* main.m in Sources */,
				82A2334A218887210008124F /* Espresso.m in Sources */,
				82A2D4F7218EE0CB00173206 /* Mocha.m in Sources */,
				82A2D4ED218EDE5300173206 /* DarkRoast.m in Sources */,
				82A23347218886380008124F /* Beverage.m in Sources */,
				82A2D4F1218EE07100173206 /* CondimentDecorator.m in Sources */,
				82A2D4F4218EE0B300173206 /* Milk.m in Sources */,
				82A23331218885D50008124F /* AppDelegate.m in Sources */,
			);
			runOnlyForDeploymentPostprocessing = 0;
		};
/* End PBXSourcesBuildPhase section */

/* Begin PBXVariantGroup section */
		82A23335218885D50008124F /* Main.storyboard */ = {
			isa = PBXVariantGroup;
			children = (
				82A23336218885D50008124F /* Base */,
			);
			name = Main.storyboard;
			sourceTree = "<group>";
		};
		82A2333A218885D60008124F /* LaunchScreen.storyboard */ = {
			isa = PBXVariantGroup;
			children = (
				82A2333B218885D60008124F /* Base */,
			);
			name = LaunchScreen.storyboard;
			sourceTree = "<group>";
		};
/* End PBXVariantGroup section */

/* Begin XCBuildConfiguration section */
		82A23340218885D60008124F /* Debug */ = {
			isa = XCBuildConfiguration;
			buildSettings = {
				ALWAYS_SEARCH_USER_PATHS = NO;
				CLANG_ANALYZER_NONNULL = YES;
				CLANG_ANALYZER_NUMBER_OBJECT_CONVERSION = YES_AGGRESSIVE;
				CLANG_CXX_LANGUAGE_STANDARD = "gnu++14";
				CLANG_CXX_LIBRARY = "libc++";
				CLANG_ENABLE_MODULES = YES;
				CLANG_ENABLE_OBJC_ARC = YES;
				CLANG_ENABLE_OBJC_WEAK = YES;
				CLANG_WARN_BLOCK_CAPTURE_AUTORELEASING = YES;
				CLANG_WARN_BOOL_CONVERSION = YES;
				CLANG_WARN_COMMA = YES;
				CLANG_WARN_CONSTANT_CONVERSION = YES;
				CLANG_WARN_DEPRECATED_OBJC_IMPLEMENTATIONS = YES;
				CLANG_WARN_DIRECT_OBJC_ISA_USAGE = YES_ERROR;
				CLANG_WARN_DOCUMENTATION_COMMENTS = YES;
				CLANG_WARN_EMPTY_BODY = YES;
				CLANG_WARN_ENUM_CONVERSION = YES;
				CLANG_WARN_INFINITE_RECURSION = YES;
				CLANG_WARN_INT_CONVERSION = YES;
				CLANG_WARN_NON_LITERAL_NULL_CONVERSION = YES;
				CLANG_WARN_OBJC_IMPLICIT_RETAIN_SELF = YES;
				CLANG_WARN_OBJC_LITERAL_CONVERSION = YES;
				CLANG_WARN_OBJC_ROOT_CLASS = YES_ERROR;
				CLANG_WARN_RANGE_LOOP_ANALYSIS = YES;
				CLANG_WARN_STRICT_PROTOTYPES = YES;
				CLANG_WARN_SUSPICIOUS_MOVE = YES;
				CLANG_WARN_UNGUARDED_AVAILABILITY = YES_AGGRESSIVE;
				CLANG_WARN_UNREACHABLE_CODE = YES;
				CLANG_WARN__DUPLICATE_METHOD_MATCH = YES;
				CODE_SIGN_IDENTITY = "iPhone Developer";
				COPY_PHASE_STRIP = NO;
				DEBUG_INFORMATION_FORMAT = dwarf;
				ENABLE_STRICT_OBJC_MSGSEND = YES;
				ENABLE_TESTABILITY = YES;
				GCC_C_LANGUAGE_STANDARD = gnu11;
				GCC_DYNAMIC_NO_PIC = NO;
				GCC_NO_COMMON_BLOCKS = YES;
				GCC_OPTIMIZATION_LEVEL = 0;
				GCC_PREPROCESSOR_DEFINITIONS = (
					"DEBUG=1",
					"$(inherited)",
				);
				GCC_WARN_64_TO_32_BIT_CONVERSION = YES;
				GCC_WARN_ABOUT_RETURN_TYPE = YES_ERROR;
				GCC_WARN_UNDECLARED_SELECTOR = YES;
				GCC_WARN_UNINITIALIZED_AUTOS = YES_AGGRESSIVE;
				GCC_WARN_UNUSED_FUNCTION = YES;
				GCC_WARN_UNUSED_VARIABLE = YES;
				IPHONEOS_DEPLOYMENT_TARGET = 12.0;
				MTL_ENABLE_DEBUG_INFO = INCLUDE_SOURCE;
				MTL_FAST_MATH = YES;
				ONLY_ACTIVE_ARCH = YES;
				SDKROOT = iphoneos;
			};
			name = Debug;
		};
		82A23341218885D60008124F /* Release */ = {
			isa = XCBuildConfiguration;
			buildSettings = {
				ALWAYS_SEARCH_USER_PATHS = NO;
				CLANG_ANALYZER_NONNULL = YES;
				CLANG_ANALYZER_NUMBER_OBJECT_CONVERSION = YES_AGGRESSIVE;
				CLANG_CXX_LANGUAGE_STANDARD = "gnu++14";
				CLANG_CXX_LIBRARY = "libc++";
				CLANG_ENABLE_MODULES = YES;
				CLANG_ENABLE_OBJC_ARC = YES;
				CLANG_ENABLE_OBJC_WEAK = YES;
				CLANG_WARN_BLOCK_CAPTURE_AUTORELEASING = YES;
				CLANG_WARN_BOOL_CONVERSION = YES;
				CLANG_WARN_COMMA = YES;
				CLANG_WARN_CONSTANT_CONVERSION = YES;
				CLANG_WARN_DEPRECATED_OBJC_IMPLEMENTATIONS = YES;
				CLANG_WARN_DIRECT_OBJC_ISA_USAGE = YES_ERROR;
				CLANG_WARN_DOCUMENTATION_COMMENTS = YES;
				CLANG_WARN_EMPTY_BODY = YES;
				CLANG_WARN_ENUM_CONVERSION = YES;
				CLANG_WARN_INFINITE_RECURSION = YES;
				CLANG_WARN_INT_CONVERSION = YES;
				CLANG_WARN_NON_LITERAL_NULL_CONVERSION = YES;
				CLANG_WARN_OBJC_IMPLICIT_RETAIN_SELF = YES;
				CLANG_WARN_OBJC_LITERAL_CONVERSION = YES;
				CLANG_WARN_OBJC_ROOT_CLASS = YES_ERROR;
				CLANG_WARN_RANGE_LOOP_ANALYSIS = YES;
				CLANG_WARN_STRICT_PROTOTYPES = YES;
				CLANG_WARN_SUSPICIOUS_MOVE = YES;
				CLANG_WARN_UNGUARDED_AVAILABILITY = YES_AGGRESSIVE;
				CLANG_WARN_UNREACHABLE_CODE = YES;
				CLANG_WARN__DUPLICATE_METHOD_MATCH = YES;
				CODE_SIGN_IDENTITY = "iPhone Developer";
				COPY_PHASE_STRIP = NO;
				DEBUG_INFORMATION_FORMAT = "dwarf-with-dsym";
				ENABLE_NS_ASSERTIONS = NO;
				ENABLE_STRICT_OBJC_MSGSEND = YES;
				GCC_C_LANGUAGE_STANDARD = gnu11;
				GCC_NO_COMMON_BLOCKS = YES;
				GCC_WARN_64_TO_32_BIT_CONVERSION = YES;
				GCC_WARN_ABOUT_RETURN_TYPE = YES_ERROR;
				GCC_WARN_UNDECLARED_SELECTOR = YES;
				GCC_WARN_UNINITIALIZED_AUTOS = YES_AGGRESSIVE;
				GCC_WARN_UNUSED_FUNCTION = YES;
				GCC_WARN_UNUSED_VARIABLE = YES;
				IPHONEOS_DEPLOYMENT_TARGET = 12.0;
				MTL_ENABLE_DEBUG_INFO = NO;
				MTL_FAST_MATH = YES;
				SDKROOT = iphoneos;
				VALIDATE_PRODUCT = YES;
			};
			name = Release;
		};
		82A23343218885D60008124F /* Debug */ = {
			isa = XCBuildConfiguration;
			buildSettings = {
				ASSETCATALOG_COMPILER_APPICON_NAME = AppIcon;
				CODE_SIGN_STYLE = Automatic;
				DEVELOPMENT_TEAM = 6Z3N632GY5;
				INFOPLIST_FILE = Decorator/Info.plist;
				IPHONEOS_DEPLOYMENT_TARGET = 10.0;
				LD_RUNPATH_SEARCH_PATHS = (
					"$(inherited)",
					"@executable_path/Frameworks",
				);
				PRODUCT_BUNDLE_IDENTIFIER = com.zxy.Decorator;
				PRODUCT_NAME = "$(TARGET_NAME)";
				TARGETED_DEVICE_FAMILY = "1,2";
			};
			name = Debug;
		};
		82A23344218885D60008124F /* Release */ = {
			isa = XCBuildConfiguration;
			buildSettings = {
				ASSETCATALOG_COMPILER_APPICON_NAME = AppIcon;
				CODE_SIGN_STYLE = Automatic;
				DEVELOPMENT_TEAM = 6Z3N632GY5;
				INFOPLIST_FILE = Decorator/Info.plist;
				IPHONEOS_DEPLOYMENT_TARGET = 10.0;
				LD_RUNPATH_SEARCH_PATHS = (
					"$(inherited)",
					"@executable_path/Frameworks",
				);
				PRODUCT_BUNDLE_IDENTIFIER = com.zxy.Decorator;
				PRODUCT_NAME = "$(TARGET_NAME)";
				TARGETED_DEVICE_FAMILY = "1,2";
			};
			name = Release;
		};
/* End XCBuildConfiguration section */

/* Begin XCConfigurationList section */
		82A23327218885D50008124F /* Build configuration list for PBXProject "Decorator" */ = {
			isa = XCConfigurationList;
			buildConfigurations = (
				82A23340218885D60008124F /* Debug */,
				82A23341218885D60008124F /* Release */,
			);
			defaultConfigurationIsVisible = 0;
			defaultConfigurationName = Release;
		};
		82A23342218885D60008124F /* Build configuration list for PBXNativeTarget "Decorator" */ = {
			isa = XCConfigurationList;
			buildConfigurations = (
				82A23343218885D60008124F /* Debug */,
				82A23344218885D60008124F /* Release */,
			);
			defaultConfigurationIsVisible = 0;
			defaultConfigurationName = Release;
		};
/* End XCConfigurationList section */
	};
	rootObject = 82A23324218885D50008124F /* Project object */;
}
